
Microsoft Visual Studio Solution File, Format Version 12.00
# Visual Studio Version 16
VisualStudioVersion = 16.0.30804.86
MinimumVisualStudioVersion = 10.0.40219.1
Project("{FAE04EC0-301F-11D3-BF4B-00C04F79EFBC}") = "QuotesExchangeApp", "QuotesExchangeApp\QuotesExchangeApp.csproj", "{5C6E47C3-10F1-4B03-A865-95812CA9BA86}"
EndProject
Global
	GlobalSection(SolutionConfigurationPlatforms) = preSolution
		Debug|Any CPU = Debug|Any CPU
		Release|Any CPU = Release|Any CPU
	EndGlobalSection
	GlobalSection(ProjectConfigurationPlatforms) = postSolution
		{5C6E47C3-10F1-4B03-A865-95812CA9BA86}.Debug|Any CPU.ActiveCfg = Debug|Any CPU
		{5C6E47C3-10F1-4B03-A865-95812CA9BA86}.Debug|Any CPU.Build.0 = Debug|Any CPU
		{5C6E47C3-10F1-4B03-A865-95812CA9BA86}.Release|Any CPU.ActiveCfg = Release|Any CPU
		{5C6E47C3-10F1-4B03-A865-95812CA9BA86}.Release|Any CPU.Build.0 = Release|Any CPU
	EndGlobalSection
	GlobalSection(SolutionProperties) = preSolution
		HideSolutionNode = FALSE
	EndGlobalSection
	GlobalSection(ExtensibilityGlobals) = postSolution
		SolutionGuid = {13984531-0534-4004-A69E-9E2AF6B19E4A}
	EndGlobalSection
EndGlobal
